
Microsoft Visual Studio Solution File, Format Version 12.00
# Visual Studio Version 16
VisualStudioVersion = 16.0.30413.136
MinimumVisualStudioVersion = 10.0.40219.1
Project("{FAE04EC0-301F-11D3-BF4B-00C04F79EFBC}") = "AMA.Persistence", "AMA.Persistence.csproj", "{7505F88F-80E1-4E33-8398-E9FA587795BD}"
EndProject
Global
	GlobalSection(SolutionConfigurationPlatforms) = preSolution
		Debug|Any CPU = Debug|Any CPU
		Release|Any CPU = Release|Any CPU
	EndGlobalSection
	GlobalSection(ProjectConfigurationPlatforms) = postSolution
		{7505F88F-80E1-4E33-8398-E9FA587795BD}.Debug|Any CPU.ActiveCfg = Debug|Any CPU
		{7505F88F-80E1-4E33-8398-E9FA587795BD}.Debug|Any CPU.Build.0 = Debug|Any CPU
		{7505F88F-80E1-4E33-8398-E9FA587795BD}.Release|Any CPU.ActiveCfg = Release|Any CPU
		{7505F88F-80E1-4E33-8398-E9FA587795BD}.Release|Any CPU.Build.0 = Release|Any CPU
	EndGlobalSection
	GlobalSection(SolutionProperties) = preSolution
		HideSolutionNode = FALSE
	EndGlobalSection
	GlobalSection(ExtensibilityGlobals) = postSolution
		SolutionGuid = {233586F8-256D-4894-BC64-D49BD6E969E8}
	EndGlobalSection
EndGlobal
